github.com/dlclark/regexp2 v1.12.0 h1:0j4c5qQmnC6XOWNjP3PIXURXN2gWx76rd3KvgdPkCz8=
github.com/dlclark/regexp2 v1.12.0/go.mod h1:DHkYz0B9wPfa6wondMfaivmHpzrQ3v9q8cnmRbL6yW8=
github.com/iancoleman/orderedmap v0.3.0 h1:5cbR2grmZR/DiVt+VJopEhtVs9YGInGIxAoMJn+Ichc=
github.com/iancoleman/orderedmap v0.3.0/go.mod h1:XuLcCUkdL5owUCQeF2Ue9uuw1EptkJDkXXS7VoV7XGE=
github.com/pt-main/lc v0.0.0-20260530192649-ce71cbc4d7a2 h1:XvzGc/Eo1nWIpYQOFOu23SyGSaA6MbSzhLcYhumCgTQ=
github.com/pt-main/lc v0.0.0-20260530192649-ce71cbc4d7a2/go.mod h1:xQR35wBE7HCbb470jxr5QCapLAvwUIR8ONnLlgJljO4=
github.com/pt-main/lc v0.0.0-20260530202043-59c8f02556b2 h1:Q01zVef4TmVkGmYtRWyDOyR5mGhChUXvT+cbB/XoU+M=
github.com/pt-main/lc v0.0.0-20260530202043-59c8f02556b2/go.mod h1:xQR35wBE7HCbb470jxr5QCapLAvwUIR8ONnLlgJljO4=
github.com/pt-main/lc v0.0.0-20260602154240-51b53c2383b9 h1:y1d53XHREAWmj4cJocfnngBPUaA5NZ0sVOiorFSv0mw=
github.com/pt-main/lc v0.0.0-20260602154240-51b53c2383b9/go.mod h1:xQR35wBE7HCbb470jxr5QCapLAvwUIR8ONnLlgJljO4=
github.com/pt-main/lc v0.0.0-20260602205637-802a348c8599 h1:uNM1YXSv3UiMuR1eoCMt/gmq1Yw34b/88mBr7/AngT4=
github.com/pt-main/lc v0.0.0-20260602205637-802a348c8599/go.mod h1:xQR35wBE7HCbb470jxr5QCapLAvwUIR8ONnLlgJljO4=
github.com/pt-main/lc v0.0.0-20260603110324-5311bbee1b40 h1:eRmdE/WCAtv74tnJugBIaIc5oG8zdd5Uo9/tLvQ5BMk=
github.com/pt-main/lc v0.0.0-20260603110324-5311bbee1b40/go.mod h1:o13MmuO89/L2uFUWP89KfH+2PnuBFblvPHz01iaHr5w=
github.com/pt-main/tap v0.7.0 h1:1QALUhcO8hOpJT1MwPJ+bxAT7zuKenWSyI6Ij0r7AWM=
github.com/pt-main/tap v0.7.0/go.mod h1:oL9GBibdabChx8EbP2M2+c22CnWBF+7xuZ40hIkHtnI=
github.com/pt-main/tap v0.7.1 h1:tl0QImOjr0asukSQVXzI5KVrE0VoclB1EljW2QAqsBw=
github.com/pt-main/tap v0.7.1/go.mod h1:oL9GBibdabChx8EbP2M2+c22CnWBF+7xuZ40hIkHtnI=
github.com/pt-main/tap v0.7.2 h1:4HHIPydzCm3Txbx6mdyeIsUiXZsl7MfuQpI4/mRqL6E=
github.com/pt-main/tap v0.7.2/go.mod h1:oL9GBibdabChx8EbP2M2+c22CnWBF+7xuZ40hIkHtnI=
